schema: '2.0'
stages:
  prepare:
    cmd: python -m purchase_propensity.prepare --config configs/base.yaml
    deps:
    - path: configs/base.yaml
      hash: md5
      md5: bdf3c27118736d77dd4145c33d9bb825
      size: 559
    - path: data/external/online_shoppers_intention.csv
      hash: md5
      md5: a319389cb6beb00470abd5def220258c
      size: 1156949
    - path: src/purchase_propensity/config.py
      hash: md5
      md5: 180043222d80627a321bc5f2fad08979
      size: 4003
    - path: src/purchase_propensity/data.py
      hash: md5
      md5: 4461d9b6db0855105024e1c8013bc0ca
      size: 2735
    - path: src/purchase_propensity/prepare.py
      hash: md5
      md5: 447b78a2c94b3a3cd533b89eed9286c1
      size: 1861
    outs:
    - path: data/processed/test.csv
      hash: md5
      md5: 3a621c943b7decf7cce36deb17b67e68
      size: 231648
    - path: data/processed/train.csv
      hash: md5
      md5: 0ef24da64934922dc1bc9d174281e9ff
      size: 925538
  train:
    cmd: python -m purchase_propensity.train --config configs/base.yaml
    deps:
    - path: configs/base.yaml
      hash: md5
      md5: bdf3c27118736d77dd4145c33d9bb825
      size: 559
    - path: data/processed/test.csv
      hash: md5
      md5: 3a621c943b7decf7cce36deb17b67e68
      size: 231648
    - path: data/processed/train.csv
      hash: md5
      md5: 0ef24da64934922dc1bc9d174281e9ff
      size: 925538
    - path: src/purchase_propensity/config.py
      hash: md5
      md5: 180043222d80627a321bc5f2fad08979
      size: 4003
    - path: src/purchase_propensity/data.py
      hash: md5
      md5: 4461d9b6db0855105024e1c8013bc0ca
      size: 2735
    - path: src/purchase_propensity/evaluate.py
      hash: md5
      md5: 700b2097bfed8d0b2bf1bd28b71ea108
      size: 971
    - path: src/purchase_propensity/features.py
      hash: md5
      md5: f7934ace924df0282bf9b72d6f985905
      size: 1326
    - path: src/purchase_propensity/mlflow_tracking.py
      hash: md5
      md5: d856e45b16c1a4c35be5e88dc8b1e7d5
      size: 3801
    - path: src/purchase_propensity/train.py
      hash: md5
      md5: 4eb9cae1553cdb56098f5cdd9390b817
      size: 4435
    outs:
    - path: artifacts/metrics.json
      hash: md5
      md5: 0e0c7c952900ff031c39abd8e065e38e
      size: 165
    - path: artifacts/model.joblib
      hash: md5
      md5: 9171fda6eb99cc94fdcd9f2373cb2702
      size: 5642
